
Microsoft Visual Studio Solution File, Format Version 12.00
# Visual Studio Version 16
VisualStudioVersion = 16.0.30907.101
MinimumVisualStudioVersion = 10.0.40219.1
Project("{9A19103F-16F7-4668-BE54-9A1E7A4F7556}") = "Kampİntro1", "Kampİntro1.csproj", "{E9FFF713-9CC5-46AD-A163-F7E772C25343}"
EndProject
Project("{9A19103F-16F7-4668-BE54-9A1E7A4F7556}") = "Donguler", "..\Donguler\Donguler.csproj", "{8399C96D-4FE0-4069-9031-24FB305820FF}"
EndProject
Project("{9A19103F-16F7-4668-BE54-9A1E7A4F7556}") = "Classİntro", "..\Classİntro\Classİntro.csproj", "{BE027325-9A2D-4AB0-9745-5712D3F6567C}"
EndProject
Project("{FAE04EC0-301F-11D3-BF4B-00C04F79EFBC}") = "Metotlar", "..\Metotlar\Metotlar.csproj", "{3C53DD5D-E321-4C77-B5BD-4E283BE6A76B}"
EndProject
Project("{FAE04EC0-301F-11D3-BF4B-00C04F79EFBC}") = "Matematik", "..\Matematik\Matematik.csproj", "{728DA2E2-2885-4E42-9AA0-661289CD16B5}"
EndProject
Project("{FAE04EC0-301F-11D3-BF4B-00C04F79EFBC}") = "DegerVeReferansTipler", "..\DegerVeReferansTipler\DegerVeReferansTipler.csproj", "{A1A7F0F9-7EDD-4D75-9F1E-E120BEBE8CB4}"
EndProject
Global
	GlobalSection(SolutionConfigurationPlatforms) = preSolution
		Debug|Any CPU = Debug|Any CPU
		Release|Any CPU = Release|Any CPU
	EndGlobalSection
	GlobalSection(ProjectConfigurationPlatforms) = postSolution
		{E9FFF713-9CC5-46AD-A163-F7E772C25343}.Debug|Any CPU.ActiveCfg = Debug|Any CPU
		{E9FFF713-9CC5-46AD-A163-F7E772C25343}.Debug|Any CPU.Build.0 = Debug|Any CPU
		{E9FFF713-9CC5-46AD-A163-F7E772C25343}.Release|Any CPU.ActiveCfg = Release|Any CPU
		{E9FFF713-9CC5-46AD-A163-F7E772C25343}.Release|Any CPU.Build.0 = Release|Any CPU
		{8399C96D-4FE0-4069-9031-24FB305820FF}.Debug|Any CPU.ActiveCfg = Debug|Any CPU
		{8399C96D-4FE0-4069-9031-24FB305820FF}.Debug|Any CPU.Build.0 = Debug|Any CPU
		{8399C96D-4FE0-4069-9031-24FB305820FF}.Release|Any CPU.ActiveCfg = Release|Any CPU
		{8399C96D-4FE0-4069-9031-24FB305820FF}.Release|Any CPU.Build.0 = Release|Any CPU
		{BE027325-9A2D-4AB0-9745-5712D3F6567C}.Debug|Any CPU.ActiveCfg = Debug|Any CPU
		{BE027325-9A2D-4AB0-9745-5712D3F6567C}.Debug|Any CPU.Build.0 = Debug|Any CPU
		{BE027325-9A2D-4AB0-9745-5712D3F6567C}.Release|Any CPU.ActiveCfg = Release|Any CPU
		{BE027325-9A2D-4AB0-9745-5712D3F6567C}.Release|Any CPU.Build.0 = Release|Any CPU
		{3C53DD5D-E321-4C77-B5BD-4E283BE6A76B}.Debug|Any CPU.ActiveCfg = Debug|Any CPU
		{3C53DD5D-E321-4C77-B5BD-4E283BE6A76B}.Debug|Any CPU.Build.0 = Debug|Any CPU
		{3C53DD5D-E321-4C77-B5BD-4E283BE6A76B}.Release|Any CPU.ActiveCfg = Release|Any CPU
		{3C53DD5D-E321-4C77-B5BD-4E283BE6A76B}.Release|Any CPU.Build.0 = Release|Any CPU
		{728DA2E2-2885-4E42-9AA0-661289CD16B5}.Debug|Any CPU.ActiveCfg = Debug|Any CPU
		{728DA2E2-2885-4E42-9AA0-661289CD16B5}.Debug|Any CPU.Build.0 = Debug|Any CPU
		{728DA2E2-2885-4E42-9AA0-661289CD16B5}.Release|Any CPU.ActiveCfg = Release|Any CPU
		{728DA2E2-2885-4E42-9AA0-661289CD16B5}.Release|Any CPU.Build.0 = Release|Any CPU
		{A1A7F0F9-7EDD-4D75-9F1E-E120BEBE8CB4}.Debug|Any CPU.ActiveCfg = Debug|Any CPU
		{A1A7F0F9-7EDD-4D75-9F1E-E120BEBE8CB4}.Debug|Any CPU.Build.0 = Debug|Any CPU
		{A1A7F0F9-7EDD-4D75-9F1E-E120BEBE8CB4}.Release|Any CPU.ActiveCfg = Release|Any CPU
		{A1A7F0F9-7EDD-4D75-9F1E-E120BEBE8CB4}.Release|Any CPU.Build.0 = Release|Any CPU
	EndGlobalSection
	GlobalSection(SolutionProperties) = preSolution
		HideSolutionNode = FALSE
	EndGlobalSection
	GlobalSection(ExtensibilityGlobals) = postSolution
		SolutionGuid = {B738F7D1-4E17-4267-A29C-3C2CD2D9958A}
	EndGlobalSection
EndGlobal
